// !$*UTF8*$!
{
	archiveVersion = 1;
	classes = {
	};
	objectVersion = 52;
	objects = {

/* Begin PBXBuildFile section */
		3C291AD626393B9A0099B51C /* AppDelegate.swift in Sources */ = {isa = PBXBuildFile; fileRef = 3C291AD526393B990099B51C /* AppDelegate.swift */; };
		3C291AD826393B9A0099B51C /* SceneDelegate.swift in Sources */ = {isa = PBXBuildFile; fileRef = 3C291AD726393B9A0099B51C /* SceneDelegate.swift */; };
		3C291ADA26393B9A0099B51C /* LiarGameViewController.swift in Sources */ = {isa = PBXBuildFile; fileRef = 3C291AD926393B9A0099B51C /* LiarGameViewController.swift */; };
		3C291ADF26393B9C0099B51C /* Assets.xcassets in Resources */ = {isa = PBXBuildFile; fileRef = 3C291ADE26393B9C0099B51C /* Assets.xcassets */; };
		3C291AE226393B9C0099B51C /* LaunchScreen.storyboard in Resources */ = {isa = PBXBuildFile; fileRef = 3C291AE026393B9C0099B51C /* LaunchScreen.storyboard */; };
		3C291AF526393E2F0099B51C /* SnapKit in Frameworks */ = {isa = PBXBuildFile; productRef = 3C291AF426393E2F0099B51C /* SnapKit */; };
		3C291AFF26394D790099B51C /* SelectTopicCollectionViewCell.swift in Sources */ = {isa = PBXBuildFile; fileRef = 3C291AFE26394D790099B51C /* SelectTopicCollectionViewCell.swift */; };
		3C464754263D6D1F000952CD /* LiarGameManager.swift in Sources */ = {isa = PBXBuildFile; fileRef = 3C464753263D6D1F000952CD /* LiarGameManager.swift */; };
		3CA24DC726442681008610FF /* InitialQuizManager.swift in Sources */ = {isa = PBXBuildFile; fileRef = 3CA24DC626442681008610FF /* InitialQuizManager.swift */; };
		3CA4CD95263FBA1300DB4419 /* InitialQuizViewController.swift in Sources */ = {isa = PBXBuildFile; fileRef = 3CA4CD94263FBA1300DB4419 /* InitialQuizViewController.swift */; };
		3CA4CD99263FCD9A00DB4419 /* MainVIewController.swift in Sources */ = {isa = PBXBuildFile; fileRef = 3CA4CD98263FCD9A00DB4419 /* MainVIewController.swift */; };
		3CD7041D264684D500581A29 /* HunminGameViewController.swift in Sources */ = {isa = PBXBuildFile; fileRef = 3CD7041C264684D500581A29 /* HunminGameViewController.swift */; };
		3CD7041F2647C9DF00581A29 /* TimerViewController.swift in Sources */ = {isa = PBXBuildFile; fileRef = 3CD7041E2647C9DF00581A29 /* TimerViewController.swift */; };
/* End PBXBuildFile section */

/* Begin PBXFileReference section */
		3C291AD226393B990099B51C /* GameJun.app */ = {isa = PBXFileReference; explicitFileType = wrapper.application; includeInIndex = 0; path = GameJun.app; sourceTree = BUILT_PRODUCTS_DIR; };
		3C291AD526393B990099B51C /* AppDelegate.swift */ = {isa = PBXFileReference; lastKnownFileType = sourcecode.swift; path = AppDelegate.swift; sourceTree = "<group>"; };
		3C291AD726393B9A0099B51C /* SceneDelegate.swift */ = {isa = PBXFileReference; lastKnownFileType = sourcecode.swift; path = SceneDelegate.swift; sourceTree = "<group>"; };
		3C291AD926393B9A0099B51C /* LiarGameViewController.swift */ = {isa = PBXFileReference; lastKnownFileType = sourcecode.swift; path = LiarGameViewController.swift; sourceTree = "<group>"; };
		3C291ADE26393B9C0099B51C /* Assets.xcassets */ = {isa = PBXFileReference; lastKnownFileType = folder.assetcatalog; path = Assets.xcassets; sourceTree = "<group>"; };
		3C291AE126393B9C0099B51C /* Base */ = {isa = PBXFileReference; lastKnownFileType = file.storyboard; name = Base; path = Base.lproj/LaunchScreen.storyboard; sourceTree = "<group>"; };
		3C291AE326393B9C0099B51C /* Info.plist */ = {isa = PBXFileReference; lastKnownFileType = text.plist.xml; path = Info.plist; sourceTree = "<group>"; };
		3C291AFE26394D790099B51C /* SelectTopicCollectionViewCell.swift */ = {isa = PBXFileReference; lastKnownFileType = sourcecode.swift; path = SelectTopicCollectionViewCell.swift; sourceTree = "<group>"; };
		3C464753263D6D1F000952CD /* LiarGameManager.swift */ = {isa = PBXFileReference; lastKnownFileType = sourcecode.swift; path = LiarGameManager.swift; sourceTree = "<group>"; };
		3CA24DC626442681008610FF /* InitialQuizManager.swift */ = {isa = PBXFileReference; lastKnownFileType = sourcecode.swift; path = InitialQuizManager.swift; sourceTree = "<group>"; };
		3CA4CD94263FBA1300DB4419 /* InitialQuizViewController.swift */ = {isa = PBXFileReference; lastKnownFileType = sourcecode.swift; path = InitialQuizViewController.swift; sourceTree = "<group>"; };
		3CA4CD98263FCD9A00DB4419 /* MainVIewController.swift */ = {isa = PBXFileReference; lastKnownFileType = sourcecode.swift; path = MainVIewController.swift; sourceTree = "<group>"; };
		3CD7041C264684D500581A29 /* HunminGameViewController.swift */ = {isa = PBXFileReference; lastKnownFileType = sourcecode.swift; path = HunminGameViewController.swift; sourceTree = "<group>"; };
		3CD7041E2647C9DF00581A29 /* TimerViewController.swift */ = {isa = PBXFileReference; lastKnownFileType = sourcecode.swift; path = TimerViewController.swift; sourceTree = "<group>"; };
/* End PBXFileReference section */

/* Begin PBXFrameworksBuildPhase section */
		3C291ACF26393B990099B51C /* Frameworks */ = {
			isa = PBXFrameworksBuildPhase;
			buildActionMask = 2147483647;
			files = (
				3C291AF526393E2F0099B51C /* SnapKit in Frameworks */,
			);
			runOnlyForDeploymentPostprocessing = 0;
		};
/* End PBXFrameworksBuildPhase section */

/* Begin PBXGroup section */
		3C291AC926393B990099B51C = {
			isa = PBXGroup;
			children = (
				3C291AD426393B990099B51C /* GameJun */,
				3C291AD326393B990099B51C /* Products */,
			);
			sourceTree = "<group>";
		};
		3C291AD326393B990099B51C /* Products */ = {
			isa = PBXGroup;
			children = (
				3C291AD226393B990099B51C /* GameJun.app */,
			);
			name = Products;
			sourceTree = "<group>";
		};
		3C291AD426393B990099B51C /* GameJun */ = {
			isa = PBXGroup;
			children = (
				3C291AEE26393C2B0099B51C /* Model */,
				3C291AEF26393C380099B51C /* View */,
				3C291AF026393C3F0099B51C /* Controller */,
				3C291AE326393B9C0099B51C /* Info.plist */,
			);
			path = GameJun;
			sourceTree = "<group>";
		};
		3C291AEE26393C2B0099B51C /* Model */ = {
			isa = PBXGroup;
			children = (
				3C464753263D6D1F000952CD /* LiarGameManager.swift */,
				3CA24DC626442681008610FF /* InitialQuizManager.swift */,
			);
			path = Model;
			sourceTree = "<group>";
		};
		3C291AEF26393C380099B51C /* View */ = {
			isa = PBXGroup;
			children = (
				3C291AFE26394D790099B51C /* SelectTopicCollectionViewCell.swift */,
			);
			path = View;
			sourceTree = "<group>";
		};
		3C291AF026393C3F0099B51C /* Controller */ = {
			isa = PBXGroup;
			children = (
				3CA4CD98263FCD9A00DB4419 /* MainVIewController.swift */,
				3C291AD926393B9A0099B51C /* LiarGameViewController.swift */,
				3CA4CD94263FBA1300DB4419 /* InitialQuizViewController.swift */,
				3CD7041C264684D500581A29 /* HunminGameViewController.swift */,
				3CD7041E2647C9DF00581A29 /* TimerViewController.swift */,
				3C291AF126393C6E0099B51C /* Support */,
			);
			path = Controller;
			sourceTree = "<group>";
		};
		3C291AF126393C6E0099B51C /* Support */ = {
			isa = PBXGroup;
			children = (
				3C291AD526393B990099B51C /* AppDelegate.swift */,
				3C291ADE26393B9C0099B51C /* Assets.xcassets */,
				3C291AD726393B9A0099B51C /* SceneDelegate.swift */,
				3C291AE026393B9C0099B51C /* LaunchScreen.storyboard */,
			);
			path = Support;
			sourceTree = "<group>";
		};
/* End PBXGroup section */

/* Begin PBXNativeTarget section */
		3C291AD126393B990099B51C /* GameJun */ = {
			isa = PBXNativeTarget;
			buildConfigurationList = 3C291AE626393B9C0099B51C /* Build configuration list for PBXNativeTarget "GameJun" */;
			buildPhases = (
				3C291ACE26393B990099B51C /* Sources */,
				3C291ACF26393B990099B51C /* Frameworks */,
				3C291AD026393B990099B51C /* Resources */,
			);
			buildRules = (
			);
			dependencies = (
			);
			name = GameJun;
			packageProductDependencies = (
				3C291AF426393E2F0099B51C /* SnapKit */,
			);
			productName = GameJun;
			productReference = 3C291AD226393B990099B51C /* GameJun.app */;
			productType = "com.apple.product-type.application";
		};
/* End PBXNativeTarget section */

/* Begin PBXProject section */
		3C291ACA26393B990099B51C /* Project object */ = {
			isa = PBXProject;
			attributes = {
				LastSwiftUpdateCheck = 1240;
				LastUpgradeCheck = 1240;
				TargetAttributes = {
					3C291AD126393B990099B51C = {
						CreatedOnToolsVersion = 12.4;
					};
				};
			};
			buildConfigurationList = 3C291ACD26393B990099B51C /* Build configuration list for PBXProject "GameJun" */;
			compatibilityVersion = "Xcode 9.3";
			developmentRegion = en;
			hasScannedForEncodings = 0;
			knownRegions = (
				en,
				Base,
			);
			mainGroup = 3C291AC926393B990099B51C;
			packageReferences = (
				3C291AF326393E2F0099B51C /* XCRemoteSwiftPackageReference "SnapKit" */,
			);
			productRefGroup = 3C291AD326393B990099B51C /* Products */;
			projectDirPath = "";
			projectRoot = "";
			targets = (
				3C291AD126393B990099B51C /* GameJun */,
			);
		};
/* End PBXProject section */

/* Begin PBXResourcesBuildPhase section */
		3C291AD026393B990099B51C /* Resources */ = {
			isa = PBXResourcesBuildPhase;
			buildActionMask = 2147483647;
			files = (
				3C291AE226393B9C0099B51C /* LaunchScreen.storyboard in Resources */,
				3C291ADF26393B9C0099B51C /* Assets.xcassets in Resources */,
			);
			runOnlyForDeploymentPostprocessing = 0;
		};
/* End PBXResourcesBuildPhase section */

/* Begin PBXSourcesBuildPhase section */
		3C291ACE26393B990099B51C /* Sources */ = {
			isa = PBXSourcesBuildPhase;
			buildActionMask = 2147483647;
			files = (
				3CD7041F2647C9DF00581A29 /* TimerViewController.swift in Sources */,
				3C291ADA26393B9A0099B51C /* LiarGameViewController.swift in Sources */,
				3CA24DC726442681008610FF /* InitialQuizManager.swift in Sources */,
				3C291AD626393B9A0099B51C /* AppDelegate.swift in Sources */,
				3CD7041D264684D500581A29 /* HunminGameViewController.swift in Sources */,
				3C464754263D6D1F000952CD /* LiarGameManager.swift in Sources */,
				3CA4CD95263FBA1300DB4419 /* InitialQuizViewController.swift in Sources */,
				3C291AD826393B9A0099B51C /* SceneDelegate.swift in Sources */,
				3CA4CD99263FCD9A00DB4419 /* MainVIewController.swift in Sources */,
				3C291AFF26394D790099B51C /* SelectTopicCollectionViewCell.swift in Sources */,
			);
			runOnlyForDeploymentPostprocessing = 0;
		};
/* End PBXSourcesBuildPhase section */

/* Begin PBXVariantGroup section */
		3C291AE026393B9C0099B51C /* LaunchScreen.storyboard */ = {
			isa = PBXVariantGroup;
			children = (
				3C291AE126393B9C0099B51C /* Base */,
			);
			name = LaunchScreen.storyboard;
			sourceTree = "<group>";
		};
/* End PBXVariantGroup section */

/* Begin XCBuildConfiguration section */
		3C291AE426393B9C0099B51C /* Debug */ = {
			isa = XCBuildConfiguration;
			buildSettings = {
				ALWAYS_SEARCH_USER_PATHS = NO;
				CLANG_ANALYZER_NONNULL = YES;
				CLANG_ANALYZER_NUMBER_OBJECT_CONVERSION = YES_AGGRESSIVE;
				CLANG_CXX_LANGUAGE_STANDARD = "gnu++14";
				CLANG_CXX_LIBRARY = "libc++";
				CLANG_ENABLE_MODULES = YES;
				CLANG_ENABLE_OBJC_ARC = YES;
				CLANG_ENABLE_OBJC_WEAK = YES;
				CLANG_WARN_BLOCK_CAPTURE_AUTORELEASING = YES;
				CLANG_WARN_BOOL_CONVERSION = YES;
				CLANG_WARN_COMMA = YES;
				CLANG_WARN_CONSTANT_CONVERSION = YES;
				CLANG_WARN_DEPRECATED_OBJC_IMPLEMENTATIONS = YES;
				CLANG_WARN_DIRECT_OBJC_ISA_USAGE = YES_ERROR;
				CLANG_WARN_DOCUMENTATION_COMMENTS = YES;
				CLANG_WARN_EMPTY_BODY = YES;
				CLANG_WARN_ENUM_CONVERSION = YES;
				CLANG_WARN_INFINITE_RECURSION = YES;
				CLANG_WARN_INT_CONVERSION = YES;
				CLANG_WARN_NON_LITERAL_NULL_CONVERSION = YES;
				CLANG_WARN_OBJC_IMPLICIT_RETAIN_SELF = YES;
				CLANG_WARN_OBJC_LITERAL_CONVERSION = YES;
				CLANG_WARN_OBJC_ROOT_CLASS = YES_ERROR;
				CLANG_WARN_QUOTED_INCLUDE_IN_FRAMEWORK_HEADER = YES;
				CLANG_WARN_RANGE_LOOP_ANALYSIS = YES;
				CLANG_WARN_STRICT_PROTOTYPES = YES;
				CLANG_WARN_SUSPICIOUS_MOVE = YES;
				CLANG_WARN_UNGUARDED_AVAILABILITY = YES_AGGRESSIVE;
				CLANG_WARN_UNREACHABLE_CODE = YES;
				CLANG_WARN__DUPLICATE_METHOD_MATCH = YES;
				COPY_PHASE_STRIP = NO;
				DEBUG_INFORMATION_FORMAT = dwarf;
				ENABLE_STRICT_OBJC_MSGSEND = YES;
				ENABLE_TESTABILITY = YES;
				GCC_C_LANGUAGE_STANDARD = gnu11;
				GCC_DYNAMIC_NO_PIC = NO;
				GCC_NO_COMMON_BLOCKS = YES;
				GCC_OPTIMIZATION_LEVEL = 0;
				GCC_PREPROCESSOR_DEFINITIONS = (
					"DEBUG=1",
					"$(inherited)",
				);
				GCC_WARN_64_TO_32_BIT_CONVERSION = YES;
				GCC_WARN_ABOUT_RETURN_TYPE = YES_ERROR;
				GCC_WARN_UNDECLARED_SELECTOR = YES;
				GCC_WARN_UNINITIALIZED_AUTOS = YES_AGGRESSIVE;
				GCC_WARN_UNUSED_FUNCTION = YES;
				GCC_WARN_UNUSED_VARIABLE = YES;
				IPHONEOS_DEPLOYMENT_TARGET = 14.4;
				MTL_ENABLE_DEBUG_INFO = INCLUDE_SOURCE;
				MTL_FAST_MATH = YES;
				ONLY_ACTIVE_ARCH = YES;
				SDKROOT = iphoneos;
				SWIFT_ACTIVE_COMPILATION_CONDITIONS = DEBUG;
				SWIFT_OPTIMIZATION_LEVEL = "-Onone";
			};
			name = Debug;
		};
		3C291AE526393B9C0099B51C /* Release */ = {
			isa = XCBuildConfiguration;
			buildSettings = {
				ALWAYS_SEARCH_USER_PATHS = NO;
				CLANG_ANALYZER_NONNULL = YES;
				CLANG_ANALYZER_NUMBER_OBJECT_CONVERSION = YES_AGGRESSIVE;
				CLANG_CXX_LANGUAGE_STANDARD = "gnu++14";
				CLANG_CXX_LIBRARY = "libc++";
				CLANG_ENABLE_MODULES = YES;
				CLANG_ENABLE_OBJC_ARC = YES;
				CLANG_ENABLE_OBJC_WEAK = YES;
				CLANG_WARN_BLOCK_CAPTURE_AUTORELEASING = YES;
				CLANG_WARN_BOOL_CONVERSION = YES;
				CLANG_WARN_COMMA = YES;
				CLANG_WARN_CONSTANT_CONVERSION = YES;
				CLANG_WARN_DEPRECATED_OBJC_IMPLEMENTATIONS = YES;
				CLANG_WARN_DIRECT_OBJC_ISA_USAGE = YES_ERROR;
				CLANG_WARN_DOCUMENTATION_COMMENTS = YES;
				CLANG_WARN_EMPTY_BODY = YES;
				CLANG_WARN_ENUM_CONVERSION = YES;
				CLANG_WARN_INFINITE_RECURSION = YES;
				CLANG_WARN_INT_CONVERSION = YES;
				CLANG_WARN_NON_LITERAL_NULL_CONVERSION = YES;
				CLANG_WARN_OBJC_IMPLICIT_RETAIN_SELF = YES;
				CLANG_WARN_OBJC_LITERAL_CONVERSION = YES;
				CLANG_WARN_OBJC_ROOT_CLASS = YES_ERROR;
				CLANG_WARN_QUOTED_INCLUDE_IN_FRAMEWORK_HEADER = YES;
				CLANG_WARN_RANGE_LOOP_ANALYSIS = YES;
				CLANG_WARN_STRICT_PROTOTYPES = YES;
				CLANG_WARN_SUSPICIOUS_MOVE = YES;
				CLANG_WARN_UNGUARDED_AVAILABILITY = YES_AGGRESSIVE;
				CLANG_WARN_UNREACHABLE_CODE = YES;
				CLANG_WARN__DUPLICATE_METHOD_MATCH = YES;
				COPY_PHASE_STRIP = NO;
				DEBUG_INFORMATION_FORMAT = "dwarf-with-dsym";
				ENABLE_NS_ASSERTIONS = NO;
				ENABLE_STRICT_OBJC_MSGSEND = YES;
				GCC_C_LANGUAGE_STANDARD = gnu11;
				GCC_NO_COMMON_BLOCKS = YES;
				GCC_WARN_64_TO_32_BIT_CONVERSION = YES;
				GCC_WARN_ABOUT_RETURN_TYPE = YES_ERROR;
				GCC_WARN_UNDECLARED_SELECTOR = YES;
				GCC_WARN_UNINITIALIZED_AUTOS = YES_AGGRESSIVE;
				GCC_WARN_UNUSED_FUNCTION = YES;
				GCC_WARN_UNUSED_VARIABLE = YES;
				IPHONEOS_DEPLOYMENT_TARGET = 14.4;
				MTL_ENABLE_DEBUG_INFO = NO;
				MTL_FAST_MATH = YES;
				SDKROOT = iphoneos;
				SWIFT_COMPILATION_MODE = wholemodule;
				SWIFT_OPTIMIZATION_LEVEL = "-O";
				VALIDATE_PRODUCT = YES;
			};
			name = Release;
		};
		3C291AE726393B9C0099B51C /* Debug */ = {
			isa = XCBuildConfiguration;
			buildSettings = {
				ASSETCATALOG_COMPILER_APPICON_NAME = AppIcon;
				ASSETCATALOG_COMPILER_GLOBAL_ACCENT_COLOR_NAME = AccentColor;
				CODE_SIGN_STYLE = Automatic;
				DEVELOPMENT_TEAM = Z5M4ZXWCX6;
				INFOPLIST_FILE = GameJun/Info.plist;
				IPHONEOS_DEPLOYMENT_TARGET = 14.5;
				LD_RUNPATH_SEARCH_PATHS = (
					"$(inherited)",
					"@executable_path/Frameworks",
				);
				PRODUCT_BUNDLE_IDENTIFIER = com.gmail.wnsgk830.GameJun;
				PRODUCT_NAME = "$(TARGET_NAME)";
				SWIFT_VERSION = 5.0;
				TARGETED_DEVICE_FAMILY = "1,2";
			};
			name = Debug;
		};
		3C291AE826393B9C0099B51C /* Release */ = {
			isa = XCBuildConfiguration;
			buildSettings = {
				ASSETCATALOG_COMPILER_APPICON_NAME = AppIcon;
				ASSETCATALOG_COMPILER_GLOBAL_ACCENT_COLOR_NAME = AccentColor;
				CODE_SIGN_STYLE = Automatic;
				DEVELOPMENT_TEAM = Z5M4ZXWCX6;
				INFOPLIST_FILE = GameJun/Info.plist;
				IPHONEOS_DEPLOYMENT_TARGET = 14.5;
				LD_RUNPATH_SEARCH_PATHS = (
					"$(inherited)",
					"@executable_path/Frameworks",
				);
				PRODUCT_BUNDLE_IDENTIFIER = com.gmail.wnsgk830.GameJun;
				PRODUCT_NAME = "$(TARGET_NAME)";
				SWIFT_VERSION = 5.0;
				TARGETED_DEVICE_FAMILY = "1,2";
			};
			name = Release;
		};
/* End XCBuildConfiguration section */

/* Begin XCConfigurationList section */
		3C291ACD26393B990099B51C /* Build configuration list for PBXProject "GameJun" */ = {
			isa = XCConfigurationList;
			buildConfigurations = (
				3C291AE426393B9C0099B51C /* Debug */,
				3C291AE526393B9C0099B51C /* Release */,
			);
			defaultConfigurationIsVisible = 0;
			defaultConfigurationName = Release;
		};
		3C291AE626393B9C0099B51C /* Build configuration list for PBXNativeTarget "GameJun" */ = {
			isa = XCConfigurationList;
			buildConfigurations = (
				3C291AE726393B9C0099B51C /* Debug */,
				3C291AE826393B9C0099B51C /* Release */,
			);
			defaultConfigurationIsVisible = 0;
			defaultConfigurationName = Release;
		};
/* End XCConfigurationList section */

/* Begin XCRemoteSwiftPackageReference section */
		3C291AF326393E2F0099B51C /* XCRemoteSwiftPackageReference "SnapKit" */ = {
			isa = XCRemoteSwiftPackageReference;
			repositoryURL = "https://github.com/SnapKit/SnapKit.git";
			requirement = {
				kind = upToNextMajorVersion;
				minimumVersion = 5.0.1;
			};
		};
/* End XCRemoteSwiftPackageReference section */

/* Begin XCSwiftPackageProductDependency section */
		3C291AF426393E2F0099B51C /* SnapKit */ = {
			isa = XCSwiftPackageProductDependency;
			package = 3C291AF326393E2F0099B51C /* XCRemoteSwiftPackageReference "SnapKit" */;
			productName = SnapKit;
		};
/* End XCSwiftPackageProductDependency section */
	};
	rootObject = 3C291ACA26393B990099B51C /* Project object */;
}
